
Microsoft Visual Studio Solution File, Format Version 12.00
# Visual Studio Version 17
VisualStudioVersion = 17.5.002.0
MinimumVisualStudioVersion = 10.0.40219.1
Project("{9A19103F-16F7-4668-BE54-9A1E7A4F7556}") = "Eapproval", "Eapproval.csproj", "{04B69B0E-C26E-4E9F-B309-DAF5519F7680}"
EndProject
Global
	GlobalSection(SolutionConfigurationPlatforms) = preSolution
		Debug|Any CPU = Debug|Any CPU
		Release|Any CPU = Release|Any CPU
	EndGlobalSection
	GlobalSection(ProjectConfigurationPlatforms) = postSolution
		{04B69B0E-C26E-4E9F-B309-DAF5519F7680}.Debug|Any CPU.ActiveCfg = Debug|Any CPU
		{04B69B0E-C26E-4E9F-B309-DAF5519F7680}.Debug|Any CPU.Build.0 = Debug|Any CPU
		{04B69B0E-C26E-4E9F-B309-DAF5519F7680}.Release|Any CPU.ActiveCfg = Release|Any CPU
		{04B69B0E-C26E-4E9F-B309-DAF5519F7680}.Release|Any CPU.Build.0 = Release|Any CPU
	EndGlobalSection
	GlobalSection(SolutionProperties) = preSolution
		HideSolutionNode = FALSE
	EndGlobalSection
	GlobalSection(ExtensibilityGlobals) = postSolution
		SolutionGuid = {28511BA0-0076-41A3-B639-70E7B6ADE942}
	EndGlobalSection
EndGlobal
